// !$*UTF8*$!
{
	archiveVersion = 1;
	classes = {
	};
	objectVersion = 48;
	objects = {

/* Begin PBXBuildFile section */
		A52C1064205B118300A2D2DC /* AppDelegate.swift in Sources */ = {isa = PBXBuildFile; fileRef = A52C1063205B118300A2D2DC /* AppDelegate.swift */; };
		A52C1066205B118300A2D2DC /* ViewController.swift in Sources */ = {isa = PBXBuildFile; fileRef = A52C1065205B118300A2D2DC /* ViewController.swift */; };
		A52C1069205B118300A2D2DC /* Main.storyboard in Resources */ = {isa = PBXBuildFile; fileRef = A52C1067205B118300A2D2DC /* Main.storyboard */; };
		A52C106B205B118300A2D2DC /* Assets.xcassets in Resources */ = {isa = PBXBuildFile; fileRef = A52C106A205B118300A2D2DC /* Assets.xcassets */; };
		A52C106E205B118300A2D2DC /* LaunchScreen.storyboard in Resources */ = {isa = PBXBuildFile; fileRef = A52C106C205B118300A2D2DC /* LaunchScreen.storyboard */; };
		A52C1079205B118300A2D2DC /* testTests.swift in Sources */ = {isa = PBXBuildFile; fileRef = A52C1078205B118300A2D2DC /* testTests.swift */; };
		A52C1084205B118300A2D2DC /* testUITests.swift in Sources */ = {isa = PBXBuildFile; fileRef = A52C1083205B118300A2D2DC /* testUITests.swift */; };
/* End PBXBuildFile section */

/* Begin PBXContainerItemProxy section */
		A52C1075205B118300A2D2DC /* PBXContainerItemProxy */ = {
			isa = PBXContainerItemProxy;
			containerPortal = A52C1058205B118300A2D2DC /* Project object */;
			proxyType = 1;
			remoteGlobalIDString = A52C105F205B118300A2D2DC;
			remoteInfo = test;
		};
		A52C1080205B118300A2D2DC /* PBXContainerItemProxy */ = {
			isa = PBXContainerItemProxy;
			containerPortal = A52C1058205B118300A2D2DC /* Project object */;
			proxyType = 1;
			remoteGlobalIDString = A52C105F205B118300A2D2DC;
			remoteInfo = test;
		};
/* End PBXContainerItemProxy section */

/* Begin PBXFileReference section */
		A52C1060205B118300A2D2DC /* test.app */ = {isa = PBXFileReference; explicitFileType = wrapper.application; includeInIndex = 0; path = test.app; sourceTree = BUILT_PRODUCTS_DIR; };
		A52C1063205B118300A2D2DC /* AppDelegate.swift */ = {isa = PBXFileReference; lastKnownFileType = sourcecode.swift; path = AppDelegate.swift; sourceTree = "<group>"; };
		A52C1065205B118300A2D2DC /* ViewController.swift */ = {isa = PBXFileReference; lastKnownFileType = sourcecode.swift; path = ViewController.swift; sourceTree = "<group>"; };
		A52C1068205B118300A2D2DC /* Base */ = {isa = PBXFileReference; lastKnownFileType = file.storyboard; name = Base; path = Base.lproj/Main.storyboard; sourceTree = "<group>"; };
		A52C106A205B118300A2D2DC /* Assets.xcassets */ = {isa = PBXFileReference; lastKnownFileType = folder.assetcatalog; path = Assets.xcassets; sourceTree = "<group>"; };
		A52C106D205B118300A2D2DC /* Base */ = {isa = PBXFileReference; lastKnownFileType = file.storyboard; name = Base; path = Base.lproj/LaunchScreen.storyboard; sourceTree = "<group>"; };
		A52C106F205B118300A2D2DC /* Info.plist */ = {isa = PBXFileReference; lastKnownFileType = text.plist.xml; path = Info.plist; sourceTree = "<group>"; };
		A52C1074205B118300A2D2DC /* testTests.xctest */ = {isa = PBXFileReference; explicitFileType = wrapper.cfbundle; includeInIndex = 0; path = testTests.xctest; sourceTree = BUILT_PRODUCTS_DIR; };
		A52C1078205B118300A2D2DC /* testTests.swift */ = {isa = PBXFileReference; lastKnownFileType = sourcecode.swift; path = testTests.swift; sourceTree = "<group>"; };
		A52C107A205B118300A2D2DC /* Info.plist */ = {isa = PBXFileReference; lastKnownFileType = text.plist.xml; path = Info.plist; sourceTree = "<group>"; };
		A52C107F205B118300A2D2DC /* testUITests.xctest */ = {isa = PBXFileReference; explicitFileType = wrapper.cfbundle; includeInIndex = 0; path = testUITests.xctest; sourceTree = BUILT_PRODUCTS_DIR; };
		A52C1083205B118300A2D2DC /* testUITests.swift */ = {isa = PBXFileReference; lastKnownFileType = sourcecode.swift; path = testUITests.swift; sourceTree = "<group>"; };
		A52C1085205B118300A2D2DC /* Info.plist */ = {isa = PBXFileReference; lastKnownFileType = text.plist.xml; path = Info.plist; sourceTree = "<group>"; };
/* End PBXFileReference section */

/* Begin PBXFrameworksBuildPhase section */
		A52C105D205B118300A2D2DC /* Frameworks */ = {
			isa = PBXFrameworksBuildPhase;
			buildActionMask = 2147483647;
			files = (
			);
			runOnlyForDeploymentPostprocessing = 0;
		};
		A52C1071205B118300A2D2DC /* Frameworks */ = {
			isa = PBXFrameworksBuildPhase;
			buildActionMask = 2147483647;
			files = (
			);
			runOnlyForDeploymentPostprocessing = 0;
		};
		A52C107C205B118300A2D2DC /* Frameworks */ = {
			isa = PBXFrameworksBuildPhase;
			buildActionMask = 2147483647;
			files = (
			);
			runOnlyForDeploymentPostprocessing = 0;
		};
/* End PBXFrameworksBuildPhase section */

/* Begin PBXGroup section */
		A52C1057205B118300A2D2DC = {
			isa = PBXGroup;
			children = (
				A52C1062205B118300A2D2DC /* test */,
				A52C1077205B118300A2D2DC /* testTests */,
				A52C1082205B118300A2D2DC /* testUITests */,
				A52C1061205B118300A2D2DC /* Products */,
			);
			sourceTree = "<group>";
		};
		A52C1061205B118300A2D2DC /* Products */ = {
			isa = PBXGroup;
			children = (
				A52C1060205B118300A2D2DC /* test.app */,
				A52C1074205B118300A2D2DC /* testTests.xctest */,
				A52C107F205B118300A2D2DC /* testUITests.xctest */,
			);
			name = Products;
			sourceTree = "<group>";
		};
		A52C1062205B118300A2D2DC /* test */ = {
			isa = PBXGroup;
			children = (
				A52C1063205B118300A2D2DC /* AppDelegate.swift */,
				A52C1065205B118300A2D2DC /* ViewController.swift */,
				A52C1067205B118300A2D2DC /* Main.storyboard */,
				A52C106A205B118300A2D2DC /* Assets.xcassets */,
				A52C106C205B118300A2D2DC /* LaunchScreen.storyboard */,
				A52C106F205B118300A2D2DC /* Info.plist */,
			);
			path = test;
			sourceTree = "<group>";
		};
		A52C1077205B118300A2D2DC /* testTests */ = {
			isa = PBXGroup;
			children = (
				A52C1078205B118300A2D2DC /* testTests.swift */,
				A52C107A205B118300A2D2DC /* Info.plist */,
			);
			path = testTests;
			sourceTree = "<group>";
		};
		A52C1082205B118300A2D2DC /* testUITests */ = {
			isa = PBXGroup;
			children = (
				A52C1083205B118300A2D2DC /* testUITests.swift */,
				A52C1085205B118300A2D2DC /* Info.plist */,
			);
			path = testUITests;
			sourceTree = "<group>";
		};
/* End PBXGroup section */

/* Begin PBXNativeTarget section */
		A52C105F205B118300A2D2DC /* test */ = {
			isa = PBXNativeTarget;
			buildConfigurationList = A52C1088205B118300A2D2DC /* Build configuration list for PBXNativeTarget "test" */;
			buildPhases = (
				A52C105C205B118300A2D2DC /* Sources */,
				A52C105D205B118300A2D2DC /* Frameworks */,
				A52C105E205B118300A2D2DC /* Resources */,
			);
			buildRules = (
			);
			dependencies = (
			);
			name = test;
			productName = test;
			productReference = A52C1060205B118300A2D2DC /* test.app */;
			productType = "com.apple.product-type.application";
		};
		A52C1073205B118300A2D2DC /* testTests */ = {
			isa = PBXNativeTarget;
			buildConfigurationList = A52C108B205B118300A2D2DC /* Build configuration list for PBXNativeTarget "testTests" */;
			buildPhases = (
				A52C1070205B118300A2D2DC /* Sources */,
				A52C1071205B118300A2D2DC /* Frameworks */,
				A52C1072205B118300A2D2DC /* Resources */,
			);
			buildRules = (
			);
			dependencies = (
				A52C1076205B118300A2D2DC /* PBXTargetDependency */,
			);
			name = testTests;
			productName = testTests;
			productReference = A52C1074205B118300A2D2DC /* testTests.xctest */;
			productType = "com.apple.product-type.bundle.unit-test";
		};
		A52C107E205B118300A2D2DC /* testUITests */ = {
			isa = PBXNativeTarget;
			buildConfigurationList = A52C108E205B118300A2D2DC /* Build configuration list for PBXNativeTarget "testUITests" */;
			buildPhases = (
				A52C107B205B118300A2D2DC /* Sources */,
				A52C107C205B118300A2D2DC /* Frameworks */,
				A52C107D205B118300A2D2DC /* Resources */,
			);
			buildRules = (
			);
			dependencies = (
				A52C1081205B118300A2D2DC /* PBXTargetDependency */,
			);
			name = testUITests;
			productName = testUITests;
			productReference = A52C107F205B118300A2D2DC /* testUITests.xctest */;
			productType = "com.apple.product-type.bundle.ui-testing";
		};
/* End PBXNativeTarget section */

/* Begin PBXProject section */
		A52C1058205B118300A2D2DC /* Project object */ = {
			isa = PBXProject;
			attributes = {
				LastSwiftUpdateCheck = 0920;
				LastUpgradeCheck = 0920;
				ORGANIZATIONNAME = test;
				TargetAttributes = {
					A52C105F205B118300A2D2DC = {
						CreatedOnToolsVersion = 9.2;
						ProvisioningStyle = Automatic;
					};
					A52C1073205B118300A2D2DC = {
						CreatedOnToolsVersion = 9.2;
						ProvisioningStyle = Automatic;
						TestTargetID = A52C105F205B118300A2D2DC;
					};
					A52C107E205B118300A2D2DC = {
						CreatedOnToolsVersion = 9.2;
						ProvisioningStyle = Automatic;
						TestTargetID = A52C105F205B118300A2D2DC;
					};
				};
			};
			buildConfigurationList = A52C105B205B118300A2D2DC /* Build configuration list for PBXProject "test" */;
			compatibilityVersion = "Xcode 8.0";
			developmentRegion = en;
			hasScannedForEncodings = 0;
			knownRegions = (
				en,
				Base,
			);
			mainGroup = A52C1057205B118300A2D2DC;
			productRefGroup = A52C1061205B118300A2D2DC /* Products */;
			projectDirPath = "";
			projectRoot = "";
			targets = (
				A52C105F205B118300A2D2DC /* test */,
				A52C1073205B118300A2D2DC /* testTests */,
				A52C107E205B118300A2D2DC /* testUITests */,
			);
		};
/* End PBXProject section */

/* Begin PBXResourcesBuildPhase section */
		A52C105E205B118300A2D2DC /* Resources */ = {
			isa = PBXResourcesBuildPhase;
			buildActionMask = 2147483647;
			files = (
				A52C106E205B118300A2D2DC /* LaunchScreen.storyboard in Resources */,
				A52C106B205B118300A2D2DC /* Assets.xcassets in Resources */,
				A52C1069205B118300A2D2DC /* Main.storyboard in Resources */,
			);
			runOnlyForDeploymentPostprocessing = 0;
		};
		A52C1072205B118300A2D2DC /* Resources */ = {
			isa = PBXResourcesBuildPhase;
			buildActionMask = 2147483647;
			files = (
			);
			runOnlyForDeploymentPostprocessing = 0;
		};
		A52C107D205B118300A2D2DC /* Resources */ = {
			isa = PBXResourcesBuildPhase;
			buildActionMask = 2147483647;
			files = (
			);
			runOnlyForDeploymentPostprocessing = 0;
		};
/* End PBXResourcesBuildPhase section */

/* Begin PBXSourcesBuildPhase section */
		A52C105C205B118300A2D2DC /* Sources */ = {
			isa = PBXSourcesBuildPhase;
			buildActionMask = 2147483647;
			files = (
				A52C1066205B118300A2D2DC /* ViewController.swift in Sources */,
				A52C1064205B118300A2D2DC /* AppDelegate.swift in Sources */,
			);
			runOnlyForDeploymentPostprocessing = 0;
		};
		A52C1070205B118300A2D2DC /* Sources */ = {
			isa = PBXSourcesBuildPhase;
			buildActionMask = 2147483647;
			files = (
				A52C1079205B118300A2D2DC /* testTests.swift in Sources */,
			);
			runOnlyForDeploymentPostprocessing = 0;
		};
		A52C107B205B118300A2D2DC /* Sources */ = {
			isa = PBXSourcesBuildPhase;
			buildActionMask = 2147483647;
			files = (
				A52C1084205B118300A2D2DC /* testUITests.swift in Sources */,
			);
			runOnlyForDeploymentPostprocessing = 0;
		};
/* End PBXSourcesBuildPhase section */

/* Begin PBXTargetDependency section */
		A52C1076205B118300A2D2DC /* PBXTargetDependency */ = {
			isa = PBXTargetDependency;
			target = A52C105F205B118300A2D2DC /* test */;
			targetProxy = A52C1075205B118300A2D2DC /* PBXContainerItemProxy */;
		};
		A52C1081205B118300A2D2DC /* PBXTargetDependency */ = {
			isa = PBXTargetDependency;
			target = A52C105F205B118300A2D2DC /* test */;
			targetProxy = A52C1080205B118300A2D2DC /* PBXContainerItemProxy */;
		};
/* End PBXTargetDependency section */

/* Begin PBXVariantGroup section */
		A52C1067205B118300A2D2DC /* Main.storyboard */ = {
			isa = PBXVariantGroup;
			children = (
				A52C1068205B118300A2D2DC /* Base */,
			);
			name = Main.storyboard;
			sourceTree = "<group>";
		};
		A52C106C205B118300A2D2DC /* LaunchScreen.storyboard */ = {
			isa = PBXVariantGroup;
			children = (
				A52C106D205B118300A2D2DC /* Base */,
			);
			name = LaunchScreen.storyboard;
			sourceTree = "<group>";
		};
/* End PBXVariantGroup section */

/* Begin XCBuildConfiguration section */
		A52C1086205B118300A2D2DC /* Debug */ = {
			isa = XCBuildConfiguration;
			buildSettings = {
				ALWAYS_SEARCH_USER_PATHS = NO;
				CLANG_ANALYZER_NONNULL = YES;
				CLANG_ANALYZER_NUMBER_OBJECT_CONVERSION = YES_AGGRESSIVE;
				CLANG_CXX_LANGUAGE_STANDARD = "gnu++14";
				CLANG_CXX_LIBRARY = "libc++";
				CLANG_ENABLE_MODULES = YES;
				CLANG_ENABLE_OBJC_ARC = YES;
				CLANG_WARN_BLOCK_CAPTURE_AUTORELEASING = YES;
				CLANG_WARN_BOOL_CONVERSION = YES;
				CLANG_WARN_COMMA = YES;
				CLANG_WARN_CONSTANT_CONVERSION = YES;
				CLANG_WARN_DIRECT_OBJC_ISA_USAGE = YES_ERROR;
				CLANG_WARN_DOCUMENTATION_COMMENTS = YES;
				CLANG_WARN_EMPTY_BODY = YES;
				CLANG_WARN_ENUM_CONVERSION = YES;
				CLANG_WARN_INFINITE_RECURSION = YES;
				CLANG_WARN_INT_CONVERSION = YES;
				CLANG_WARN_NON_LITERAL_NULL_CONVERSION = YES;
				CLANG_WARN_OBJC_LITERAL_CONVERSION = YES;
				CLANG_WARN_OBJC_ROOT_CLASS = YES_ERROR;
				CLANG_WARN_RANGE_LOOP_ANALYSIS = YES;
				CLANG_WARN_STRICT_PROTOTYPES = YES;
				CLANG_WARN_SUSPICIOUS_MOVE = YES;
				CLANG_WARN_UNGUARDED_AVAILABILITY = YES_AGGRESSIVE;
				CLANG_WARN_UNREACHABLE_CODE = YES;
				CLANG_WARN__DUPLICATE_METHOD_MATCH = YES;
				CODE_SIGN_IDENTITY = "iPhone Developer";
				COPY_PHASE_STRIP = NO;
				DEBUG_INFORMATION_FORMAT = dwarf;
				ENABLE_STRICT_OBJC_MSGSEND = YES;
				ENABLE_TESTABILITY = YES;
				GCC_C_LANGUAGE_STANDARD = gnu11;
				GCC_DYNAMIC_NO_PIC = NO;
				GCC_NO_COMMON_BLOCKS = YES;
				GCC_OPTIMIZATION_LEVEL = 0;
				GCC_PREPROCESSOR_DEFINITIONS = (
					"DEBUG=1",
					"$(inherited)",
				);
				GCC_WARN_64_TO_32_BIT_CONVERSION = YES;
				GCC_WARN_ABOUT_RETURN_TYPE = YES_ERROR;
				GCC_WARN_UNDECLARED_SELECTOR = YES;
				GCC_WARN_UNINITIALIZED_AUTOS = YES_AGGRESSIVE;
				GCC_WARN_UNUSED_FUNCTION = YES;
				GCC_WARN_UNUSED_VARIABLE = YES;
				IPHONEOS_DEPLOYMENT_TARGET = 11.2;
				MTL_ENABLE_DEBUG_INFO = YES;
				ONLY_ACTIVE_ARCH = YES;
				SDKROOT = iphoneos;
				SWIFT_ACTIVE_COMPILATION_CONDITIONS = DEBUG;
				SWIFT_OPTIMIZATION_LEVEL = "-Onone";
			};
			name = Debug;
		};
		A52C1087205B118300A2D2DC /* Release */ = {
			isa = XCBuildConfiguration;
			buildSettings = {
				ALWAYS_SEARCH_USER_PATHS = NO;
				CLANG_ANALYZER_NONNULL = YES;
				CLANG_ANALYZER_NUMBER_OBJECT_CONVERSION = YES_AGGRESSIVE;
				CLANG_CXX_LANGUAGE_STANDARD = "gnu++14";
				CLANG_CXX_LIBRARY = "libc++";
				CLANG_ENABLE_MODULES = YES;
				CLANG_ENABLE_OBJC_ARC = YES;
				CLANG_WARN_BLOCK_CAPTURE_AUTORELEASING = YES;
				CLANG_WARN_BOOL_CONVERSION = YES;
				CLANG_WARN_COMMA = YES;
				CLANG_WARN_CONSTANT_CONVERSION = YES;
				CLANG_WARN_DIRECT_OBJC_ISA_USAGE = YES_ERROR;
				CLANG_WARN_DOCUMENTATION_COMMENTS = YES;
				CLANG_WARN_EMPTY_BODY = YES;
				CLANG_WARN_ENUM_CONVERSION = YES;
				CLANG_WARN_INFINITE_RECURSION = YES;
				CLANG_WARN_INT_CONVERSION = YES;
				CLANG_WARN_NON_LITERAL_NULL_CONVERSION = YES;
				CLANG_WARN_OBJC_LITERAL_CONVERSION = YES;
				CLANG_WARN_OBJC_ROOT_CLASS = YES_ERROR;
				CLANG_WARN_RANGE_LOOP_ANALYSIS = YES;
				CLANG_WARN_STRICT_PROTOTYPES = YES;
				CLANG_WARN_SUSPICIOUS_MOVE = YES;
				CLANG_WARN_UNGUARDED_AVAILABILITY = YES_AGGRESSIVE;
				CLANG_WARN_UNREACHABLE_CODE = YES;
				CLANG_WARN__DUPLICATE_METHOD_MATCH = YES;
				CODE_SIGN_IDENTITY = "iPhone Developer";
				COPY_PHASE_STRIP = NO;
				DEBUG_INFORMATION_FORMAT = "dwarf-with-dsym";
				ENABLE_NS_ASSERTIONS = NO;
				ENABLE_STRICT_OBJC_MSGSEND = YES;
				GCC_C_LANGUAGE_STANDARD = gnu11;
				GCC_NO_COMMON_BLOCKS = YES;
				GCC_WARN_64_TO_32_BIT_CONVERSION = YES;
				GCC_WARN_ABOUT_RETURN_TYPE = YES_ERROR;
				GCC_WARN_UNDECLARED_SELECTOR = YES;
				GCC_WARN_UNINITIALIZED_AUTOS = YES_AGGRESSIVE;
				GCC_WARN_UNUSED_FUNCTION = YES;
				GCC_WARN_UNUSED_VARIABLE = YES;
				IPHONEOS_DEPLOYMENT_TARGET = 11.2;
				MTL_ENABLE_DEBUG_INFO = NO;
				SDKROOT = iphoneos;
				SWIFT_OPTIMIZATION_LEVEL = "-Owholemodule";
				VALIDATE_PRODUCT = YES;
			};
			name = Release;
		};
		A52C1089205B118300A2D2DC /* Debug */ = {
			isa = XCBuildConfiguration;
			buildSettings = {
				ASSETCATALOG_COMPILER_APPICON_NAME = AppIcon;
				CODE_SIGN_STYLE = Automatic;
				INFOPLIST_FILE = test/Info.plist;
				LD_RUNPATH_SEARCH_PATHS = "$(inherited) @executable_path/Frameworks";
				PRODUCT_BUNDLE_IDENTIFIER = test.test;
				PRODUCT_NAME = "$(TARGET_NAME)";
				SWIFT_VERSION = 4.0;
				TARGETED_DEVICE_FAMILY = "1,2";
			};
			name = Debug;
		};
		A52C108A205B118300A2D2DC /* Release */ = {
			isa = XCBuildConfiguration;
			buildSettings = {
				ASSETCATALOG_COMPILER_APPICON_NAME = AppIcon;
				CODE_SIGN_STYLE = Automatic;
				INFOPLIST_FILE = test/Info.plist;
				LD_RUNPATH_SEARCH_PATHS = "$(inherited) @executable_path/Frameworks";
				PRODUCT_BUNDLE_IDENTIFIER = test.test;
				PRODUCT_NAME = "$(TARGET_NAME)";
				SWIFT_VERSION = 4.0;
				TARGETED_DEVICE_FAMILY = "1,2";
			};
			name = Release;
		};
		A52C108C205B118300A2D2DC /* Debug */ = {
			isa = XCBuildConfiguration;
			buildSettings = {
				ALWAYS_EMBED_SWIFT_STANDARD_LIBRARIES = YES;
				BUNDLE_LOADER = "$(TEST_HOST)";
				CODE_SIGN_STYLE = Automatic;
				INFOPLIST_FILE = testTests/Info.plist;
				LD_RUNPATH_SEARCH_PATHS = "$(inherited) @executable_path/Frameworks @loader_path/Frameworks";
				PRODUCT_BUNDLE_IDENTIFIER = test.testTests;
				PRODUCT_NAME = "$(TARGET_NAME)";
				SWIFT_VERSION = 4.0;
				TARGETED_DEVICE_FAMILY = "1,2";
				TEST_HOST = "$(BUILT_PRODUCTS_DIR)/test.app/test";
			};
			name = Debug;
		};
		A52C108D205B118300A2D2DC /* Release */ = {
			isa = XCBuildConfiguration;
			buildSettings = {
				ALWAYS_EMBED_SWIFT_STANDARD_LIBRARIES = YES;
				BUNDLE_LOADER = "$(TEST_HOST)";
				CODE_SIGN_STYLE = Automatic;
				INFOPLIST_FILE = testTests/Info.plist;
				LD_RUNPATH_SEARCH_PATHS = "$(inherited) @executable_path/Frameworks @loader_path/Frameworks";
				PRODUCT_BUNDLE_IDENTIFIER = test.testTests;
				PRODUCT_NAME = "$(TARGET_NAME)";
				SWIFT_VERSION = 4.0;
				TARGETED_DEVICE_FAMILY = "1,2";
				TEST_HOST = "$(BUILT_PRODUCTS_DIR)/test.app/test";
			};
			name = Release;
		};
		A52C108F205B118300A2D2DC /* Debug */ = {
			isa = XCBuildConfiguration;
			buildSettings = {
				ALWAYS_EMBED_SWIFT_STANDARD_LIBRARIES = YES;
				CODE_SIGN_STYLE = Automatic;
				INFOPLIST_FILE = testUITests/Info.plist;
				LD_RUNPATH_SEARCH_PATHS = "$(inherited) @executable_path/Frameworks @loader_path/Frameworks";
				PRODUCT_BUNDLE_IDENTIFIER = test.testUITests;
				PRODUCT_NAME = "$(TARGET_NAME)";
				SWIFT_VERSION = 4.0;
				TARGETED_DEVICE_FAMILY = "1,2";
				TEST_TARGET_NAME = test;
			};
			name = Debug;
		};
		A52C1090205B118300A2D2DC /* Release */ = {
			isa = XCBuildConfiguration;
			buildSettings = {
				ALWAYS_EMBED_SWIFT_STANDARD_LIBRARIES = YES;
				CODE_SIGN_STYLE = Automatic;
				INFOPLIST_FILE = testUITests/Info.plist;
				LD_RUNPATH_SEARCH_PATHS = "$(inherited) @executable_path/Frameworks @loader_path/Frameworks";
				PRODUCT_BUNDLE_IDENTIFIER = test.testUITests;
				PRODUCT_NAME = "$(TARGET_NAME)";
				SWIFT_VERSION = 4.0;
				TARGETED_DEVICE_FAMILY = "1,2";
				TEST_TARGET_NAME = test;
			};
			name = Release;
		};
/* End XCBuildConfiguration section */

/* Begin XCConfigurationList section */
		A52C105B205B118300A2D2DC /* Build configuration list for PBXProject "test" */ = {
			isa = XCConfigurationList;
			buildConfigurations = (
				A52C1086205B118300A2D2DC /* Debug */,
				A52C1087205B118300A2D2DC /* Release */,
			);
			defaultConfigurationIsVisible = 0;
			defaultConfigurationName = Release;
		};
		A52C1088205B118300A2D2DC /* Build configuration list for PBXNativeTarget "test" */ = {
			isa = XCConfigurationList;
			buildConfigurations = (
				A52C1089205B118300A2D2DC /* Debug */,
				A52C108A205B118300A2D2DC /* Release */,
			);
			defaultConfigurationIsVisible = 0;
			defaultConfigurationName = Release;
		};
		A52C108B205B118300A2D2DC /* Build configuration list for PBXNativeTarget "testTests" */ = {
			isa = XCConfigurationList;
			buildConfigurations = (
				A52C108C205B118300A2D2DC /* Debug */,
				A52C108D205B118300A2D2DC /* Release */,
			);
			defaultConfigurationIsVisible = 0;
			defaultConfigurationName = Release;
		};
		A52C108E205B118300A2D2DC /* Build configuration list for PBXNativeTarget "testUITests" */ = {
			isa = XCConfigurationList;
			buildConfigurations = (
				A52C108F205B118300A2D2DC /* Debug */,
				A52C1090205B118300A2D2DC /* Release */,
			);
			defaultConfigurationIsVisible = 0;
			defaultConfigurationName = Release;
		};
/* End XCConfigurationList section */
	};
	rootObject = A52C1058205B118300A2D2DC /* Project object */;
}
